
Microsoft Visual Studio Solution File, Format Version 12.00
# Visual Studio Version 16
VisualStudioVersion = 16.0.29920.165
MinimumVisualStudioVersion = 10.0.40219.1
Project("{FAE04EC0-301F-11D3-BF4B-00C04F79EFBC}") = "WindowsFormsApp15", "WindowsFormsApp15\WindowsFormsApp15.csproj", "{42BE71FC-2E13-4113-ACA9-7FF364105DB8}"
EndProject
Global
	GlobalSection(SolutionConfigurationPlatforms) = preSolution
		Debug|Any CPU = Debug|Any CPU
		Release|Any CPU = Release|Any CPU
	EndGlobalSection
	GlobalSection(ProjectConfigurationPlatforms) = postSolution
		{42BE71FC-2E13-4113-ACA9-7FF364105DB8}.Debug|Any CPU.ActiveCfg = Debug|Any CPU
		{42BE71FC-2E13-4113-ACA9-7FF364105DB8}.Debug|Any CPU.Build.0 = Debug|Any CPU
		{42BE71FC-2E13-4113-ACA9-7FF364105DB8}.Release|Any CPU.ActiveCfg = Release|Any CPU
		{42BE71FC-2E13-4113-ACA9-7FF364105DB8}.Release|Any CPU.Build.0 = Release|Any CPU
	EndGlobalSection
	GlobalSection(SolutionProperties) = preSolution
		HideSolutionNode = FALSE
	EndGlobalSection
	GlobalSection(ExtensibilityGlobals) = postSolution
		SolutionGuid = {61112051-B628-4BD6-8B22-FC47E269E449}
	EndGlobalSection
EndGlobal
